
Microsoft Visual Studio Solution File, Format Version 12.00
Project("{FAE04EC0-301F-11D3-BF4B-00C04F79EFBC}") = "MHLab.Reports.Backend.Sample", "MHLab.Reports.Backend.Sample.csproj", "{5413F7D5-9467-4F90-82A6-7B604E62246F}"
EndProject
Global
	GlobalSection(SolutionConfigurationPlatforms) = preSolution
		Debug|Any CPU = Debug|Any CPU
		Release|Any CPU = Release|Any CPU
	EndGlobalSection
	GlobalSection(ProjectConfigurationPlatforms) = postSolution
		{5413F7D5-9467-4F90-82A6-7B604E62246F}.Debug|Any CPU.ActiveCfg = Debug|Any CPU
		{5413F7D5-9467-4F90-82A6-7B604E62246F}.Debug|Any CPU.Build.0 = Debug|Any CPU
		{5413F7D5-9467-4F90-82A6-7B604E62246F}.Release|Any CPU.ActiveCfg = Release|Any CPU
		{5413F7D5-9467-4F90-82A6-7B604E62246F}.Release|Any CPU.Build.0 = Release|Any CPU
	EndGlobalSection
EndGlobal
